
Microsoft Visual Studio Solution File, Format Version 12.00
# Visual Studio Version 16
VisualStudioVersion = 16.0.29326.143
MinimumVisualStudioVersion = 15.0.26124.0
Project("{9A19103F-16F7-4668-BE54-9A1E7A4F7556}") = "dotnet-interactive", "dotnet-interactive\dotnet-interactive.csproj", "{1A4A744F-FEF3-4361-A2E5-C5D496F7BFDC}"
EndProject
Project("{2150E333-8FDC-42A3-9474-1A3956D46DE8}") = "src", "src", "{B95A8485-8C53-4F56-B0CE-19C0726B5805}"
EndProject
Project("{2150E333-8FDC-42A3-9474-1A3956D46DE8}") = "tests", "tests", "{11BA3480-4584-435C-BA9A-8C554DB60E9F}"
EndProject
Project("{9A19103F-16F7-4668-BE54-9A1E7A4F7556}") = "Microsoft.DotNet.Interactive", "Microsoft.DotNet.Interactive\Microsoft.DotNet.Interactive.csproj", "{E3297A6A-95AA-4DAD-8DD1-971A45856BC2}"
EndProject
Project("{9A19103F-16F7-4668-BE54-9A1E7A4F7556}") = "Microsoft.DotNet.Interactive.CSharp", "Microsoft.DotNet.Interactive.CSharp\Microsoft.DotNet.Interactive.CSharp.csproj", "{F5E3CB90-0942-4F3D-9AB0-DBF468221D1D}"
EndProject
Project("{6EC3EE1D-3C4E-46DD-8F32-0CC8E7565705}") = "Microsoft.DotNet.Interactive.FSharp", "Microsoft.DotNet.Interactive.FSharp\Microsoft.DotNet.Interactive.FSharp.fsproj", "{6401A91F-46E9-4736-86A4-CED8F1037895}"
EndProject
Project("{9A19103F-16F7-4668-BE54-9A1E7A4F7556}") = "Microsoft.DotNet.Interactive.Formatting", "Microsoft.DotNet.Interactive.Formatting\Microsoft.DotNet.Interactive.Formatting.csproj", "{42CC26BA-8057-4654-B23C-E6A48475B381}"
EndProject
Project("{9A19103F-16F7-4668-BE54-9A1E7A4F7556}") = "Microsoft.DotNet.Interactive.Jupyter", "Microsoft.DotNet.Interactive.Jupyter\Microsoft.DotNet.Interactive.Jupyter.csproj", "{60D729D3-9A95-4905-8B59-A4352C7E2BF9}"
EndProject
Project("{9A19103F-16F7-4668-BE54-9A1E7A4F7556}") = "Microsoft.DotNet.Interactive.Jupyter.Tests", "Microsoft.DotNet.Interactive.Jupyter.Tests\Microsoft.DotNet.Interactive.Jupyter.Tests.csproj", "{A8028ABF-7D78-4ABA-B4F2-0657A1E5CF71}"
EndProject
Project("{9A19103F-16F7-4668-BE54-9A1E7A4F7556}") = "Microsoft.DotNet.Interactive.Telemetry", "Microsoft.DotNet.Interactive.Telemetry\Microsoft.DotNet.Interactive.Telemetry.csproj", "{047762BA-99B7-4BAF-B116-03EA585A43F4}"
EndProject
Project("{9A19103F-16F7-4668-BE54-9A1E7A4F7556}") = "Microsoft.DotNet.Interactive.Telemetry.Tests", "Microsoft.DotNet.Interactive.Telemetry.Tests\Microsoft.DotNet.Interactive.Telemetry.Tests.csproj", "{59C12CAD-2598-482B-A0F6-98BB2E4522EC}"
EndProject
Project("{9A19103F-16F7-4668-BE54-9A1E7A4F7556}") = "Microsoft.DotNet.Interactive.CSharp.Tests", "Microsoft.DotNet.Interactive.CSharp.Tests\Microsoft.DotNet.Interactive.CSharp.Tests.csproj", "{724D0614-92DC-44C4-AC7A-A92ED0A65762}"
EndProject
Project("{9A19103F-16F7-4668-BE54-9A1E7A4F7556}") = "Microsoft.DotNet.Interactive.Formatting.Tests", "Microsoft.DotNet.Interactive.Formatting.Tests\Microsoft.DotNet.Interactive.Formatting.Tests.csproj", "{E6717922-B03D-4541-944B-1442EBAD6059}"
EndProject
Project("{6EC3EE1D-3C4E-46DD-8F32-0CC8E7565705}") = "Microsoft.DotNet.Interactive.FSharp.Tests", "Microsoft.DotNet.Interactive.FSharp.Tests\Microsoft.DotNet.Interactive.FSharp.Tests.fsproj", "{8BF966AA-96BE-4E55-AD0F-8AEC90B0254F}"
EndProject
Project("{9A19103F-16F7-4668-BE54-9A1E7A4F7556}") = "Microsoft.DotNet.Interactive.Tests", "Microsoft.DotNet.Interactive.Tests\Microsoft.DotNet.Interactive.Tests.csproj", "{73136CC6-D968-4D2C-AD93-B23A78B2C7DF}"
EndProject
Project("{9A19103F-16F7-4668-BE54-9A1E7A4F7556}") = "dotnet-interactive.Tests", "dotnet-interactive.Tests\dotnet-interactive.Tests.csproj", "{5AA74BE6-5D52-43E5-8654-5F5640F65B8F}"
EndProject
Project("{9A19103F-16F7-4668-BE54-9A1E7A4F7556}") = "XPlot.DotNet.Interactive.KernelExtensions", "XPlot.DotNet.Interactive.KernelExtensions\XPlot.DotNet.Interactive.KernelExtensions.csproj", "{F3479E07-528D-42FD-829B-5A801A1C8562}"
EndProject
Project("{FAE04EC0-301F-11D3-BF4B-00C04F79EFBC}") = "dotnet-interactive.Profiler", "dotnet-interactive.Profiler\dotnet-interactive.Profiler.csproj", "{71098504-D54D-4F2B-AF1F-FD54C471067B}"
EndProject
Global
	GlobalSection(SolutionConfigurationPlatforms) = preSolution
		Debug|Any CPU = Debug|Any CPU
		Debug|x64 = Debug|x64
		Debug|x86 = Debug|x86
		Release|Any CPU = Release|Any CPU
		Release|x64 = Release|x64
		Release|x86 = Release|x86
	EndGlobalSection
	GlobalSection(ProjectConfigurationPlatforms) = postSolution
		{1A4A744F-FEF3-4361-A2E5-C5D496F7BFDC}.Debug|Any CPU.ActiveCfg = Debug|Any CPU
		{1A4A744F-FEF3-4361-A2E5-C5D496F7BFDC}.Debug|Any CPU.Build.0 = Debug|Any CPU
		{1A4A744F-FEF3-4361-A2E5-C5D496F7BFDC}.Debug|x64.ActiveCfg = Debug|Any CPU
		{1A4A744F-FEF3-4361-A2E5-C5D496F7BFDC}.Debug|x64.Build.0 = Debug|Any CPU
		{1A4A744F-FEF3-4361-A2E5-C5D496F7BFDC}.Debug|x86.ActiveCfg = Debug|Any CPU
		{1A4A744F-FEF3-4361-A2E5-C5D496F7BFDC}.Debug|x86.Build.0 = Debug|Any CPU
		{1A4A744F-FEF3-4361-A2E5-C5D496F7BFDC}.Release|Any CPU.ActiveCfg = Release|Any CPU
		{1A4A744F-FEF3-4361-A2E5-C5D496F7BFDC}.Release|Any CPU.Build.0 = Release|Any CPU
		{1A4A744F-FEF3-4361-A2E5-C5D496F7BFDC}.Release|x64.ActiveCfg = Release|Any CPU
		{1A4A744F-FEF3-4361-A2E5-C5D496F7BFDC}.Release|x64.Build.0 = Release|Any CPU
		{1A4A744F-FEF3-4361-A2E5-C5D496F7BFDC}.Release|x86.ActiveCfg = Release|Any CPU
		{1A4A744F-FEF3-4361-A2E5-C5D496F7BFDC}.Release|x86.Build.0 = Release|Any CPU
		{E3297A6A-95AA-4DAD-8DD1-971A45856BC2}.Debug|Any CPU.ActiveCfg = Debug|Any CPU
		{E3297A6A-95AA-4DAD-8DD1-971A45856BC2}.Debug|Any CPU.Build.0 = Debug|Any CPU
		{E3297A6A-95AA-4DAD-8DD1-971A45856BC2}.Debug|x64.ActiveCfg = Debug|Any CPU
		{E3297A6A-95AA-4DAD-8DD1-971A45856BC2}.Debug|x64.Build.0 = Debug|Any CPU
		{E3297A6A-95AA-4DAD-8DD1-971A45856BC2}.Debug|x86.ActiveCfg = Debug|Any CPU
		{E3297A6A-95AA-4DAD-8DD1-971A45856BC2}.Debug|x86.Build.0 = Debug|Any CPU
		{E3297A6A-95AA-4DAD-8DD1-971A45856BC2}.Release|Any CPU.ActiveCfg = Release|Any CPU
		{E3297A6A-95AA-4DAD-8DD1-971A45856BC2}.Release|Any CPU.Build.0 = Release|Any CPU
		{E3297A6A-95AA-4DAD-8DD1-971A45856BC2}.Release|x64.ActiveCfg = Release|Any CPU
		{E3297A6A-95AA-4DAD-8DD1-971A45856BC2}.Release|x64.Build.0 = Release|Any CPU
		{E3297A6A-95AA-4DAD-8DD1-971A45856BC2}.Release|x86.ActiveCfg = Release|Any CPU
		{E3297A6A-95AA-4DAD-8DD1-971A45856BC2}.Release|x86.Build.0 = Release|Any CPU
		{F5E3CB90-0942-4F3D-9AB0-DBF468221D1D}.Debug|Any CPU.ActiveCfg = Debug|Any CPU
		{F5E3CB90-0942-4F3D-9AB0-DBF468221D1D}.Debug|Any CPU.Build.0 = Debug|Any CPU
		{F5E3CB90-0942-4F3D-9AB0-DBF468221D1D}.Debug|x64.ActiveCfg = Debug|Any CPU
		{F5E3CB90-0942-4F3D-9AB0-DBF468221D1D}.Debug|x64.Build.0 = Debug|Any CPU
		{F5E3CB90-0942-4F3D-9AB0-DBF468221D1D}.Debug|x86.ActiveCfg = Debug|Any CPU
		{F5E3CB90-0942-4F3D-9AB0-DBF468221D1D}.Debug|x86.Build.0 = Debug|Any CPU
		{F5E3CB90-0942-4F3D-9AB0-DBF468221D1D}.Release|Any CPU.ActiveCfg = Release|Any CPU
		{F5E3CB90-0942-4F3D-9AB0-DBF468221D1D}.Release|Any CPU.Build.0 = Release|Any CPU
		{F5E3CB90-0942-4F3D-9AB0-DBF468221D1D}.Release|x64.ActiveCfg = Release|Any CPU
		{F5E3CB90-0942-4F3D-9AB0-DBF468221D1D}.Release|x64.Build.0 = Release|Any CPU
		{F5E3CB90-0942-4F3D-9AB0-DBF468221D1D}.Release|x86.ActiveCfg = Release|Any CPU
		{F5E3CB90-0942-4F3D-9AB0-DBF468221D1D}.Release|x86.Build.0 = Release|Any CPU
		{6401A91F-46E9-4736-86A4-CED8F1037895}.Debug|Any CPU.ActiveCfg = Debug|Any CPU
		{6401A91F-46E9-4736-86A4-CED8F1037895}.Debug|Any CPU.Build.0 = Debug|Any CPU
		{6401A91F-46E9-4736-86A4-CED8F1037895}.Debug|x64.ActiveCfg = Debug|Any CPU
		{6401A91F-46E9-4736-86A4-CED8F1037895}.Debug|x64.Build.0 = Debug|Any CPU
		{6401A91F-46E9-4736-86A4-CED8F1037895}.Debug|x86.ActiveCfg = Debug|Any CPU
		{6401A91F-46E9-4736-86A4-CED8F1037895}.Debug|x86.Build.0 = Debug|Any CPU
		{6401A91F-46E9-4736-86A4-CED8F1037895}.Release|Any CPU.ActiveCfg = Release|Any CPU
		{6401A91F-46E9-4736-86A4-CED8F1037895}.Release|Any CPU.Build.0 = Release|Any CPU
		{6401A91F-46E9-4736-86A4-CED8F1037895}.Release|x64.ActiveCfg = Release|Any CPU
		{6401A91F-46E9-4736-86A4-CED8F1037895}.Release|x64.Build.0 = Release|Any CPU
		{6401A91F-46E9-4736-86A4-CED8F1037895}.Release|x86.ActiveCfg = Release|Any CPU
		{6401A91F-46E9-4736-86A4-CED8F1037895}.Release|x86.Build.0 = Release|Any CPU
		{42CC26BA-8057-4654-B23C-E6A48475B381}.Debug|Any CPU.ActiveCfg = Debug|Any CPU
		{42CC26BA-8057-4654-B23C-E6A48475B381}.Debug|Any CPU.Build.0 = Debug|Any CPU
		{42CC26BA-8057-4654-B23C-E6A48475B381}.Debug|x64.ActiveCfg = Debug|Any CPU
		{42CC26BA-8057-4654-B23C-E6A48475B381}.Debug|x64.Build.0 = Debug|Any CPU
		{42CC26BA-8057-4654-B23C-E6A48475B381}.Debug|x86.ActiveCfg = Debug|Any CPU
		{42CC26BA-8057-4654-B23C-E6A48475B381}.Debug|x86.Build.0 = Debug|Any CPU
		{42CC26BA-8057-4654-B23C-E6A48475B381}.Release|Any CPU.ActiveCfg = Release|Any CPU
		{42CC26BA-8057-4654-B23C-E6A48475B381}.Release|Any CPU.Build.0 = Release|Any CPU
		{42CC26BA-8057-4654-B23C-E6A48475B381}.Release|x64.ActiveCfg = Release|Any CPU
		{42CC26BA-8057-4654-B23C-E6A48475B381}.Release|x64.Build.0 = Release|Any CPU
		{42CC26BA-8057-4654-B23C-E6A48475B381}.Release|x86.ActiveCfg = Release|Any CPU
		{42CC26BA-8057-4654-B23C-E6A48475B381}.Release|x86.Build.0 = Release|Any CPU
		{60D729D3-9A95-4905-8B59-A4352C7E2BF9}.Debug|Any CPU.ActiveCfg = Debug|Any CPU
		{60D729D3-9A95-4905-8B59-A4352C7E2BF9}.Debug|Any CPU.Build.0 = Debug|Any CPU
		{60D729D3-9A95-4905-8B59-A4352C7E2BF9}.Debug|x64.ActiveCfg = Debug|Any CPU
		{60D729D3-9A95-4905-8B59-A4352C7E2BF9}.Debug|x64.Build.0 = Debug|Any CPU
		{60D729D3-9A95-4905-8B59-A4352C7E2BF9}.Debug|x86.ActiveCfg = Debug|Any CPU
		{60D729D3-9A95-4905-8B59-A4352C7E2BF9}.Debug|x86.Build.0 = Debug|Any CPU
		{60D729D3-9A95-4905-8B59-A4352C7E2BF9}.Release|Any CPU.ActiveCfg = Release|Any CPU
		{60D729D3-9A95-4905-8B59-A4352C7E2BF9}.Release|Any CPU.Build.0 = Release|Any CPU
		{60D729D3-9A95-4905-8B59-A4352C7E2BF9}.Release|x64.ActiveCfg = Release|Any CPU
		{60D729D3-9A95-4905-8B59-A4352C7E2BF9}.Release|x64.Build.0 = Release|Any CPU
		{60D729D3-9A95-4905-8B59-A4352C7E2BF9}.Release|x86.ActiveCfg = Release|Any CPU
		{60D729D3-9A95-4905-8B59-A4352C7E2BF9}.Release|x86.Build.0 = Release|Any CPU
		{A8028ABF-7D78-4ABA-B4F2-0657A1E5CF71}.Debug|Any CPU.ActiveCfg = Debug|Any CPU
		{A8028ABF-7D78-4ABA-B4F2-0657A1E5CF71}.Debug|Any CPU.Build.0 = Debug|Any CPU
		{A8028ABF-7D78-4ABA-B4F2-0657A1E5CF71}.Debug|x64.ActiveCfg = Debug|Any CPU
		{A8028ABF-7D78-4ABA-B4F2-0657A1E5CF71}.Debug|x64.Build.0 = Debug|Any CPU
		{A8028ABF-7D78-4ABA-B4F2-0657A1E5CF71}.Debug|x86.ActiveCfg = Debug|Any CPU
		{A8028ABF-7D78-4ABA-B4F2-0657A1E5CF71}.Debug|x86.Build.0 = Debug|Any CPU
		{A8028ABF-7D78-4ABA-B4F2-0657A1E5CF71}.Release|Any CPU.ActiveCfg = Release|Any CPU
		{A8028ABF-7D78-4ABA-B4F2-0657A1E5CF71}.Release|Any CPU.Build.0 = Release|Any CPU
		{A8028ABF-7D78-4ABA-B4F2-0657A1E5CF71}.Release|x64.ActiveCfg = Release|Any CPU
		{A8028ABF-7D78-4ABA-B4F2-0657A1E5CF71}.Release|x64.Build.0 = Release|Any CPU
		{A8028ABF-7D78-4ABA-B4F2-0657A1E5CF71}.Release|x86.ActiveCfg = Release|Any CPU
		{A8028ABF-7D78-4ABA-B4F2-0657A1E5CF71}.Release|x86.Build.0 = Release|Any CPU
		{047762BA-99B7-4BAF-B116-03EA585A43F4}.Debug|Any CPU.ActiveCfg = Debug|Any CPU
		{047762BA-99B7-4BAF-B116-03EA585A43F4}.Debug|Any CPU.Build.0 = Debug|Any CPU
		{047762BA-99B7-4BAF-B116-03EA585A43F4}.Debug|x64.ActiveCfg = Debug|Any CPU
		{047762BA-99B7-4BAF-B116-03EA585A43F4}.Debug|x64.Build.0 = Debug|Any CPU
		{047762BA-99B7-4BAF-B116-03EA585A43F4}.Debug|x86.ActiveCfg = Debug|Any CPU
		{047762BA-99B7-4BAF-B116-03EA585A43F4}.Debug|x86.Build.0 = Debug|Any CPU
		{047762BA-99B7-4BAF-B116-03EA585A43F4}.Release|Any CPU.ActiveCfg = Release|Any CPU
		{047762BA-99B7-4BAF-B116-03EA585A43F4}.Release|Any CPU.Build.0 = Release|Any CPU
		{047762BA-99B7-4BAF-B116-03EA585A43F4}.Release|x64.ActiveCfg = Release|Any CPU
		{047762BA-99B7-4BAF-B116-03EA585A43F4}.Release|x64.Build.0 = Release|Any CPU
		{047762BA-99B7-4BAF-B116-03EA585A43F4}.Release|x86.ActiveCfg = Release|Any CPU
		{047762BA-99B7-4BAF-B116-03EA585A43F4}.Release|x86.Build.0 = Release|Any CPU
		{59C12CAD-2598-482B-A0F6-98BB2E4522EC}.Debug|Any CPU.ActiveCfg = Debug|Any CPU
		{59C12CAD-2598-482B-A0F6-98BB2E4522EC}.Debug|Any CPU.Build.0 = Debug|Any CPU
		{59C12CAD-2598-482B-A0F6-98BB2E4522EC}.Debug|x64.ActiveCfg = Debug|Any CPU
		{59C12CAD-2598-482B-A0F6-98BB2E4522EC}.Debug|x64.Build.0 = Debug|Any CPU
		{59C12CAD-2598-482B-A0F6-98BB2E4522EC}.Debug|x86.ActiveCfg = Debug|Any CPU
		{59C12CAD-2598-482B-A0F6-98BB2E4522EC}.Debug|x86.Build.0 = Debug|Any CPU
		{59C12CAD-2598-482B-A0F6-98BB2E4522EC}.Release|Any CPU.ActiveCfg = Release|Any CPU
		{59C12CAD-2598-482B-A0F6-98BB2E4522EC}.Release|Any CPU.Build.0 = Release|Any CPU
		{59C12CAD-2598-482B-A0F6-98BB2E4522EC}.Release|x64.ActiveCfg = Release|Any CPU
		{59C12CAD-2598-482B-A0F6-98BB2E4522EC}.Release|x64.Build.0 = Release|Any CPU
		{59C12CAD-2598-482B-A0F6-98BB2E4522EC}.Release|x86.ActiveCfg = Release|Any CPU
		{59C12CAD-2598-482B-A0F6-98BB2E4522EC}.Release|x86.Build.0 = Release|Any CPU
		{724D0614-92DC-44C4-AC7A-A92ED0A65762}.Debug|Any CPU.ActiveCfg = Debug|Any CPU
		{724D0614-92DC-44C4-AC7A-A92ED0A65762}.Debug|Any CPU.Build.0 = Debug|Any CPU
		{724D0614-92DC-44C4-AC7A-A92ED0A65762}.Debug|x64.ActiveCfg = Debug|Any CPU
		{724D0614-92DC-44C4-AC7A-A92ED0A65762}.Debug|x64.Build.0 = Debug|Any CPU
		{724D0614-92DC-44C4-AC7A-A92ED0A65762}.Debug|x86.ActiveCfg = Debug|Any CPU
		{724D0614-92DC-44C4-AC7A-A92ED0A65762}.Debug|x86.Build.0 = Debug|Any CPU
		{724D0614-92DC-44C4-AC7A-A92ED0A65762}.Release|Any CPU.ActiveCfg = Release|Any CPU
		{724D0614-92DC-44C4-AC7A-A92ED0A65762}.Release|Any CPU.Build.0 = Release|Any CPU
		{724D0614-92DC-44C4-AC7A-A92ED0A65762}.Release|x64.ActiveCfg = Release|Any CPU
		{724D0614-92DC-44C4-AC7A-A92ED0A65762}.Release|x64.Build.0 = Release|Any CPU
		{724D0614-92DC-44C4-AC7A-A92ED0A65762}.Release|x86.ActiveCfg = Release|Any CPU
		{724D0614-92DC-44C4-AC7A-A92ED0A65762}.Release|x86.Build.0 = Release|Any CPU
		{E6717922-B03D-4541-944B-1442EBAD6059}.Debug|Any CPU.ActiveCfg = Debug|Any CPU
		{E6717922-B03D-4541-944B-1442EBAD6059}.Debug|Any CPU.Build.0 = Debug|Any CPU
		{E6717922-B03D-4541-944B-1442EBAD6059}.Debug|x64.ActiveCfg = Debug|Any CPU
		{E6717922-B03D-4541-944B-1442EBAD6059}.Debug|x64.Build.0 = Debug|Any CPU
		{E6717922-B03D-4541-944B-1442EBAD6059}.Debug|x86.ActiveCfg = Debug|Any CPU
		{E6717922-B03D-4541-944B-1442EBAD6059}.Debug|x86.Build.0 = Debug|Any CPU
		{E6717922-B03D-4541-944B-1442EBAD6059}.Release|Any CPU.ActiveCfg = Release|Any CPU
		{E6717922-B03D-4541-944B-1442EBAD6059}.Release|Any CPU.Build.0 = Release|Any CPU
		{E6717922-B03D-4541-944B-1442EBAD6059}.Release|x64.ActiveCfg = Release|Any CPU
		{E6717922-B03D-4541-944B-1442EBAD6059}.Release|x64.Build.0 = Release|Any CPU
		{E6717922-B03D-4541-944B-1442EBAD6059}.Release|x86.ActiveCfg = Release|Any CPU
		{E6717922-B03D-4541-944B-1442EBAD6059}.Release|x86.Build.0 = Release|Any CPU
		{8BF966AA-96BE-4E55-AD0F-8AEC90B0254F}.Debug|Any CPU.ActiveCfg = Debug|Any CPU
		{8BF966AA-96BE-4E55-AD0F-8AEC90B0254F}.Debug|Any CPU.Build.0 = Debug|Any CPU
		{8BF966AA-96BE-4E55-AD0F-8AEC90B0254F}.Debug|x64.ActiveCfg = Debug|Any CPU
		{8BF966AA-96BE-4E55-AD0F-8AEC90B0254F}.Debug|x64.Build.0 = Debug|Any CPU
		{8BF966AA-96BE-4E55-AD0F-8AEC90B0254F}.Debug|x86.ActiveCfg = Debug|Any CPU
		{8BF966AA-96BE-4E55-AD0F-8AEC90B0254F}.Debug|x86.Build.0 = Debug|Any CPU
		{8BF966AA-96BE-4E55-AD0F-8AEC90B0254F}.Release|Any CPU.ActiveCfg = Release|Any CPU
		{8BF966AA-96BE-4E55-AD0F-8AEC90B0254F}.Release|Any CPU.Build.0 = Release|Any CPU
		{8BF966AA-96BE-4E55-AD0F-8AEC90B0254F}.Release|x64.ActiveCfg = Release|Any CPU
		{8BF966AA-96BE-4E55-AD0F-8AEC90B0254F}.Release|x64.Build.0 = Release|Any CPU
		{8BF966AA-96BE-4E55-AD0F-8AEC90B0254F}.Release|x86.ActiveCfg = Release|Any CPU
		{8BF966AA-96BE-4E55-AD0F-8AEC90B0254F}.Release|x86.Build.0 = Release|Any CPU
		{73136CC6-D968-4D2C-AD93-B23A78B2C7DF}.Debug|Any CPU.ActiveCfg = Debug|Any CPU
		{73136CC6-D968-4D2C-AD93-B23A78B2C7DF}.Debug|Any CPU.Build.0 = Debug|Any CPU
		{73136CC6-D968-4D2C-AD93-B23A78B2C7DF}.Debug|x64.ActiveCfg = Debug|Any CPU
		{73136CC6-D968-4D2C-AD93-B23A78B2C7DF}.Debug|x64.Build.0 = Debug|Any CPU
		{73136CC6-D968-4D2C-AD93-B23A78B2C7DF}.Debug|x86.ActiveCfg = Debug|Any CPU
		{73136CC6-D968-4D2C-AD93-B23A78B2C7DF}.Debug|x86.Build.0 = Debug|Any CPU
		{73136CC6-D968-4D2C-AD93-B23A78B2C7DF}.Release|Any CPU.ActiveCfg = Release|Any CPU
		{73136CC6-D968-4D2C-AD93-B23A78B2C7DF}.Release|Any CPU.Build.0 = Release|Any CPU
		{73136CC6-D968-4D2C-AD93-B23A78B2C7DF}.Release|x64.ActiveCfg = Release|Any CPU
		{73136CC6-D968-4D2C-AD93-B23A78B2C7DF}.Release|x64.Build.0 = Release|Any CPU
		{73136CC6-D968-4D2C-AD93-B23A78B2C7DF}.Release|x86.ActiveCfg = Release|Any CPU
		{73136CC6-D968-4D2C-AD93-B23A78B2C7DF}.Release|x86.Build.0 = Release|Any CPU
		{5AA74BE6-5D52-43E5-8654-5F5640F65B8F}.Debug|Any CPU.ActiveCfg = Debug|Any CPU
		{5AA74BE6-5D52-43E5-8654-5F5640F65B8F}.Debug|Any CPU.Build.0 = Debug|Any CPU
		{5AA74BE6-5D52-43E5-8654-5F5640F65B8F}.Debug|x64.ActiveCfg = Debug|Any CPU
		{5AA74BE6-5D52-43E5-8654-5F5640F65B8F}.Debug|x64.Build.0 = Debug|Any CPU
		{5AA74BE6-5D52-43E5-8654-5F5640F65B8F}.Debug|x86.ActiveCfg = Debug|Any CPU
		{5AA74BE6-5D52-43E5-8654-5F5640F65B8F}.Debug|x86.Build.0 = Debug|Any CPU
		{5AA74BE6-5D52-43E5-8654-5F5640F65B8F}.Release|Any CPU.ActiveCfg = Release|Any CPU
		{5AA74BE6-5D52-43E5-8654-5F5640F65B8F}.Release|Any CPU.Build.0 = Release|Any CPU
		{5AA74BE6-5D52-43E5-8654-5F5640F65B8F}.Release|x64.ActiveCfg = Release|Any CPU
		{5AA74BE6-5D52-43E5-8654-5F5640F65B8F}.Release|x64.Build.0 = Release|Any CPU
		{5AA74BE6-5D52-43E5-8654-5F5640F65B8F}.Release|x86.ActiveCfg = Release|Any CPU
		{5AA74BE6-5D52-43E5-8654-5F5640F65B8F}.Release|x86.Build.0 = Release|Any CPU
		{F3479E07-528D-42FD-829B-5A801A1C8562}.Debug|Any CPU.ActiveCfg = Debug|Any CPU
		{F3479E07-528D-42FD-829B-5A801A1C8562}.Debug|Any CPU.Build.0 = Debug|Any CPU
		{F3479E07-528D-42FD-829B-5A801A1C8562}.Debug|x64.ActiveCfg = Debug|Any CPU
		{F3479E07-528D-42FD-829B-5A801A1C8562}.Debug|x64.Build.0 = Debug|Any CPU
		{F3479E07-528D-42FD-829B-5A801A1C8562}.Debug|x86.ActiveCfg = Debug|Any CPU
		{F3479E07-528D-42FD-829B-5A801A1C8562}.Debug|x86.Build.0 = Debug|Any CPU
		{F3479E07-528D-42FD-829B-5A801A1C8562}.Release|Any CPU.ActiveCfg = Release|Any CPU
		{F3479E07-528D-42FD-829B-5A801A1C8562}.Release|Any CPU.Build.0 = Release|Any CPU
		{F3479E07-528D-42FD-829B-5A801A1C8562}.Release|x64.ActiveCfg = Release|Any CPU
		{F3479E07-528D-42FD-829B-5A801A1C8562}.Release|x64.Build.0 = Release|Any CPU
		{F3479E07-528D-42FD-829B-5A801A1C8562}.Release|x86.ActiveCfg = Release|Any CPU
		{F3479E07-528D-42FD-829B-5A801A1C8562}.Release|x86.Build.0 = Release|Any CPU
		{71098504-D54D-4F2B-AF1F-FD54C471067B}.Debug|Any CPU.ActiveCfg = Debug|Any CPU
		{71098504-D54D-4F2B-AF1F-FD54C471067B}.Debug|Any CPU.Build.0 = Debug|Any CPU
		{71098504-D54D-4F2B-AF1F-FD54C471067B}.Debug|x64.ActiveCfg = Debug|Any CPU
		{71098504-D54D-4F2B-AF1F-FD54C471067B}.Debug|x64.Build.0 = Debug|Any CPU
		{71098504-D54D-4F2B-AF1F-FD54C471067B}.Debug|x86.ActiveCfg = Debug|Any CPU
		{71098504-D54D-4F2B-AF1F-FD54C471067B}.Debug|x86.Build.0 = Debug|Any CPU
		{71098504-D54D-4F2B-AF1F-FD54C471067B}.Release|Any CPU.ActiveCfg = Release|Any CPU
		{71098504-D54D-4F2B-AF1F-FD54C471067B}.Release|Any CPU.Build.0 = Release|Any CPU
		{71098504-D54D-4F2B-AF1F-FD54C471067B}.Release|x64.ActiveCfg = Release|Any CPU
		{71098504-D54D-4F2B-AF1F-FD54C471067B}.Release|x64.Build.0 = Release|Any CPU
		{71098504-D54D-4F2B-AF1F-FD54C471067B}.Release|x86.ActiveCfg = Release|Any CPU
		{71098504-D54D-4F2B-AF1F-FD54C471067B}.Release|x86.Build.0 = Release|Any CPU
	EndGlobalSection
	GlobalSection(SolutionProperties) = preSolution
		HideSolutionNode = FALSE
	EndGlobalSection
	GlobalSection(NestedProjects) = preSolution
		{1A4A744F-FEF3-4361-A2E5-C5D496F7BFDC} = {B95A8485-8C53-4F56-B0CE-19C0726B5805}
		{E3297A6A-95AA-4DAD-8DD1-971A45856BC2} = {B95A8485-8C53-4F56-B0CE-19C0726B5805}
		{F5E3CB90-0942-4F3D-9AB0-DBF468221D1D} = {B95A8485-8C53-4F56-B0CE-19C0726B5805}
		{6401A91F-46E9-4736-86A4-CED8F1037895} = {B95A8485-8C53-4F56-B0CE-19C0726B5805}
		{42CC26BA-8057-4654-B23C-E6A48475B381} = {B95A8485-8C53-4F56-B0CE-19C0726B5805}
		{60D729D3-9A95-4905-8B59-A4352C7E2BF9} = {B95A8485-8C53-4F56-B0CE-19C0726B5805}
		{A8028ABF-7D78-4ABA-B4F2-0657A1E5CF71} = {11BA3480-4584-435C-BA9A-8C554DB60E9F}
		{047762BA-99B7-4BAF-B116-03EA585A43F4} = {B95A8485-8C53-4F56-B0CE-19C0726B5805}
		{59C12CAD-2598-482B-A0F6-98BB2E4522EC} = {11BA3480-4584-435C-BA9A-8C554DB60E9F}
		{724D0614-92DC-44C4-AC7A-A92ED0A65762} = {11BA3480-4584-435C-BA9A-8C554DB60E9F}
		{E6717922-B03D-4541-944B-1442EBAD6059} = {11BA3480-4584-435C-BA9A-8C554DB60E9F}
		{8BF966AA-96BE-4E55-AD0F-8AEC90B0254F} = {11BA3480-4584-435C-BA9A-8C554DB60E9F}
		{73136CC6-D968-4D2C-AD93-B23A78B2C7DF} = {11BA3480-4584-435C-BA9A-8C554DB60E9F}
		{5AA74BE6-5D52-43E5-8654-5F5640F65B8F} = {11BA3480-4584-435C-BA9A-8C554DB60E9F}
		{F3479E07-528D-42FD-829B-5A801A1C8562} = {B95A8485-8C53-4F56-B0CE-19C0726B5805}
		{71098504-D54D-4F2B-AF1F-FD54C471067B} = {11BA3480-4584-435C-BA9A-8C554DB60E9F}
	EndGlobalSection
	GlobalSection(ExtensibilityGlobals) = postSolution
		SolutionGuid = {6D05A9AF-CFFB-4187-8599-574387B76727}
	EndGlobalSection
EndGlobal
