
Microsoft Visual Studio Solution File, Format Version 12.00
# Visual Studio Version 17
VisualStudioVersion = 17.1.32111.311
MinimumVisualStudioVersion = 10.0.40219.1
Project("{9A19103F-16F7-4668-BE54-9A1E7A4F7556}") = "MLS.Agent", "MLS.Agent\MLS.Agent.csproj", "{5D63B3BA-9C25-4F06-91F0-6B0E1091FCD3}"
EndProject
Project("{9A19103F-16F7-4668-BE54-9A1E7A4F7556}") = "MLS.Agent.Tests", "MLS.Agent.Tests\MLS.Agent.Tests.csproj", "{765AE2F8-7A2A-471A-8BD2-2CB2994743E9}"
EndProject
Project("{2150E333-8FDC-42A3-9474-1A3956D46DE8}") = "tests", "tests", "{8192FEAD-BCE6-4E62-97E5-2E9EA884BD71}"
EndProject
Project("{2150E333-8FDC-42A3-9474-1A3956D46DE8}") = "source", "source", "{6EE8F484-DFA2-4F0F-939F-400CE78DFAC2}"
EndProject
Project("{9A19103F-16F7-4668-BE54-9A1E7A4F7556}") = "WorkspaceServer", "WorkspaceServer\WorkspaceServer.csproj", "{5CAF24CB-90EA-42AE-81E0-0E82BF3D4AF8}"
EndProject
Project("{9A19103F-16F7-4668-BE54-9A1E7A4F7556}") = "WorkspaceServer.Tests", "WorkspaceServer.Tests\WorkspaceServer.Tests.csproj", "{93E75EF0-416D-43C7-BC67-BF386CE7C79D}"
EndProject
Project("{9A19103F-16F7-4668-BE54-9A1E7A4F7556}") = "MLS.Agent.Tools", "MLS.Agent.Tools\MLS.Agent.Tools.csproj", "{BAA738F1-211C-4111-B159-3D43C857ECB2}"
EndProject
Project("{9A19103F-16F7-4668-BE54-9A1E7A4F7556}") = "Microsoft.DotNet.Try.Protocol", "Microsoft.DotNet.Try.Protocol\Microsoft.DotNet.Try.Protocol.csproj", "{02049503-05DA-4898-B45C-E314832734A3}"
EndProject
Project("{9A19103F-16F7-4668-BE54-9A1E7A4F7556}") = "Microsoft.DotNet.Try.Protocol.Tests", "Microsoft.DotNet.Try.Protocol.Tests\Microsoft.DotNet.Try.Protocol.Tests.csproj", "{0119749C-0DF0-4CC0-8FE3-FCDBDF2B8865}"
EndProject
Project("{9A19103F-16F7-4668-BE54-9A1E7A4F7556}") = "Microsoft.DotNet.Try.Project", "Microsoft.DotNet.Try.Project\Microsoft.DotNet.Try.Project.csproj", "{5D86DF93-2ACA-44D7-9D39-DAD6B129EAFD}"
EndProject
Project("{9A19103F-16F7-4668-BE54-9A1E7A4F7556}") = "MLS.Repositories", "MLS.Repositories\MLS.Repositories.csproj", "{1464572C-C78C-4E40-87B8-2130684749F3}"
EndProject
Project("{9A19103F-16F7-4668-BE54-9A1E7A4F7556}") = "MLS.Repositories.Tests", "MLS.Repositories.Tests\MLS.Repositories.Tests.csproj", "{3D4B1B5F-9350-48F7-ABBA-8ED38E8AB2EE}"
EndProject
Project("{9A19103F-16F7-4668-BE54-9A1E7A4F7556}") = "Microsoft.DotNet.Try.Project.Tests", "Microsoft.DotNet.Try.Project.Tests\Microsoft.DotNet.Try.Project.Tests.csproj", "{241C98D2-9D4A-4EC6-B94E-687F0012B797}"
EndProject
Project("{9A19103F-16F7-4668-BE54-9A1E7A4F7556}") = "MLS.WasmCodeRunner", "WasmCodeRunner\MLS.WasmCodeRunner.csproj", "{9DAE862E-C8AE-452B-B27E-C6DEB1403E81}"
EndProject
Project("{9A19103F-16F7-4668-BE54-9A1E7A4F7556}") = "MLS.WasmCodeRunner.Tests", "WasmCodeRunner.Tests\MLS.WasmCodeRunner.Tests.csproj", "{AAEF5063-5D4C-4CA7-8E22-0DAE1ADBBCD1}"
EndProject
Project("{9A19103F-16F7-4668-BE54-9A1E7A4F7556}") = "Microsoft.DotNet.Try.Markdown", "Microsoft.DotNet.Try.Markdown\Microsoft.DotNet.Try.Markdown.csproj", "{B70584C1-41A3-4DB3-9C49-799DFF57A3FC}"
EndProject
Project("{9A19103F-16F7-4668-BE54-9A1E7A4F7556}") = "Microsoft.DotNet.Try.Markdown.Tests", "Microsoft.DotNet.Try.Markdown.Tests\Microsoft.DotNet.Try.Markdown.Tests.csproj", "{F2FEA069-3121-4AB3-8835-F4EF6FCBFA18}"
EndProject
Project("{9A19103F-16F7-4668-BE54-9A1E7A4F7556}") = "Microsoft.DotNet.Try.Protocol.ClientApi", "Microsoft.DotNet.Try.Protocol.ClientApi\Microsoft.DotNet.Try.Protocol.ClientApi.csproj", "{7EAD5482-90CC-4252-AF91-553A4B81D8E0}"
EndProject
Project("{9A19103F-16F7-4668-BE54-9A1E7A4F7556}") = "MLS.PackageTool", "MLS.PackageTool\MLS.PackageTool.csproj", "{227874FB-6C92-4865-B43F-9FBD6C36BC4B}"
EndProject
Project("{9A19103F-16F7-4668-BE54-9A1E7A4F7556}") = "PackageTool.Tests", "PackageTool.Tests\PackageTool.Tests.csproj", "{11FDD0E8-D07B-41C9-AF7E-E7F735D91ECF}"
EndProject
Project("{9A19103F-16F7-4668-BE54-9A1E7A4F7556}") = "Microsoft.DotNet.Try.ProjectTemplate.Tests", "Microsoft.DotNet.Try.ProjectTemplate.Tests\Microsoft.DotNet.Try.ProjectTemplate.Tests.csproj", "{1F1A7554-1E88-4514-8602-EC00899E0C49}"
EndProject
Project("{9A19103F-16F7-4668-BE54-9A1E7A4F7556}") = "NotIntegration.Tests", "NotIntegration.Tests\NotIntegration.Tests.csproj", "{EA6DDD48-941D-43C6-BAC1-07CF24F4C792}"
EndProject
Project("{9A19103F-16F7-4668-BE54-9A1E7A4F7556}") = "MLS.Agent.Tools.Tests", "MLS.Agent.Tools.Tests\MLS.Agent.Tools.Tests.csproj", "{0F8F3C1A-F1D3-4476-9E5B-219BBAC8DBC6}"
EndProject
Project("{9A19103F-16F7-4668-BE54-9A1E7A4F7556}") = "Microsoft.DotNet.Interactive.Telemetry", "Microsoft.DotNet.Interactive.Telemetry\Microsoft.DotNet.Interactive.Telemetry.csproj", "{B71E2FCC-3401-4D27-AA6E-9D1EBAEE013C}"
EndProject
Global
	GlobalSection(SolutionConfigurationPlatforms) = preSolution
		Debug|Any CPU = Debug|Any CPU
		Release|Any CPU = Release|Any CPU
	EndGlobalSection
	GlobalSection(ProjectConfigurationPlatforms) = postSolution
		{5D63B3BA-9C25-4F06-91F0-6B0E1091FCD3}.Debug|Any CPU.ActiveCfg = Debug|Any CPU
		{5D63B3BA-9C25-4F06-91F0-6B0E1091FCD3}.Debug|Any CPU.Build.0 = Debug|Any CPU
		{5D63B3BA-9C25-4F06-91F0-6B0E1091FCD3}.Release|Any CPU.ActiveCfg = Release|Any CPU
		{5D63B3BA-9C25-4F06-91F0-6B0E1091FCD3}.Release|Any CPU.Build.0 = Release|Any CPU
		{765AE2F8-7A2A-471A-8BD2-2CB2994743E9}.Debug|Any CPU.ActiveCfg = Debug|Any CPU
		{765AE2F8-7A2A-471A-8BD2-2CB2994743E9}.Debug|Any CPU.Build.0 = Debug|Any CPU
		{765AE2F8-7A2A-471A-8BD2-2CB2994743E9}.Release|Any CPU.ActiveCfg = Release|Any CPU
		{765AE2F8-7A2A-471A-8BD2-2CB2994743E9}.Release|Any CPU.Build.0 = Release|Any CPU
		{5CAF24CB-90EA-42AE-81E0-0E82BF3D4AF8}.Debug|Any CPU.ActiveCfg = Debug|Any CPU
		{5CAF24CB-90EA-42AE-81E0-0E82BF3D4AF8}.Debug|Any CPU.Build.0 = Debug|Any CPU
		{5CAF24CB-90EA-42AE-81E0-0E82BF3D4AF8}.Release|Any CPU.ActiveCfg = Release|Any CPU
		{5CAF24CB-90EA-42AE-81E0-0E82BF3D4AF8}.Release|Any CPU.Build.0 = Release|Any CPU
		{93E75EF0-416D-43C7-BC67-BF386CE7C79D}.Debug|Any CPU.ActiveCfg = Debug|Any CPU
		{93E75EF0-416D-43C7-BC67-BF386CE7C79D}.Debug|Any CPU.Build.0 = Debug|Any CPU
		{93E75EF0-416D-43C7-BC67-BF386CE7C79D}.Release|Any CPU.ActiveCfg = Release|Any CPU
		{93E75EF0-416D-43C7-BC67-BF386CE7C79D}.Release|Any CPU.Build.0 = Release|Any CPU
		{BAA738F1-211C-4111-B159-3D43C857ECB2}.Debug|Any CPU.ActiveCfg = Debug|Any CPU
		{BAA738F1-211C-4111-B159-3D43C857ECB2}.Debug|Any CPU.Build.0 = Debug|Any CPU
		{BAA738F1-211C-4111-B159-3D43C857ECB2}.Release|Any CPU.ActiveCfg = Release|Any CPU
		{BAA738F1-211C-4111-B159-3D43C857ECB2}.Release|Any CPU.Build.0 = Release|Any CPU
		{02049503-05DA-4898-B45C-E314832734A3}.Debug|Any CPU.ActiveCfg = Debug|Any CPU
		{02049503-05DA-4898-B45C-E314832734A3}.Debug|Any CPU.Build.0 = Debug|Any CPU
		{02049503-05DA-4898-B45C-E314832734A3}.Release|Any CPU.ActiveCfg = Release|Any CPU
		{02049503-05DA-4898-B45C-E314832734A3}.Release|Any CPU.Build.0 = Release|Any CPU
		{0119749C-0DF0-4CC0-8FE3-FCDBDF2B8865}.Debug|Any CPU.ActiveCfg = Debug|Any CPU
		{0119749C-0DF0-4CC0-8FE3-FCDBDF2B8865}.Debug|Any CPU.Build.0 = Debug|Any CPU
		{0119749C-0DF0-4CC0-8FE3-FCDBDF2B8865}.Release|Any CPU.ActiveCfg = Release|Any CPU
		{0119749C-0DF0-4CC0-8FE3-FCDBDF2B8865}.Release|Any CPU.Build.0 = Release|Any CPU
		{5D86DF93-2ACA-44D7-9D39-DAD6B129EAFD}.Debug|Any CPU.ActiveCfg = Debug|Any CPU
		{5D86DF93-2ACA-44D7-9D39-DAD6B129EAFD}.Debug|Any CPU.Build.0 = Debug|Any CPU
		{5D86DF93-2ACA-44D7-9D39-DAD6B129EAFD}.Release|Any CPU.ActiveCfg = Release|Any CPU
		{5D86DF93-2ACA-44D7-9D39-DAD6B129EAFD}.Release|Any CPU.Build.0 = Release|Any CPU
		{1464572C-C78C-4E40-87B8-2130684749F3}.Debug|Any CPU.ActiveCfg = Debug|Any CPU
		{1464572C-C78C-4E40-87B8-2130684749F3}.Debug|Any CPU.Build.0 = Debug|Any CPU
		{1464572C-C78C-4E40-87B8-2130684749F3}.Release|Any CPU.ActiveCfg = Release|Any CPU
		{1464572C-C78C-4E40-87B8-2130684749F3}.Release|Any CPU.Build.0 = Release|Any CPU
		{3D4B1B5F-9350-48F7-ABBA-8ED38E8AB2EE}.Debug|Any CPU.ActiveCfg = Debug|Any CPU
		{3D4B1B5F-9350-48F7-ABBA-8ED38E8AB2EE}.Debug|Any CPU.Build.0 = Debug|Any CPU
		{3D4B1B5F-9350-48F7-ABBA-8ED38E8AB2EE}.Release|Any CPU.ActiveCfg = Release|Any CPU
		{3D4B1B5F-9350-48F7-ABBA-8ED38E8AB2EE}.Release|Any CPU.Build.0 = Release|Any CPU
		{241C98D2-9D4A-4EC6-B94E-687F0012B797}.Debug|Any CPU.ActiveCfg = Debug|Any CPU
		{241C98D2-9D4A-4EC6-B94E-687F0012B797}.Debug|Any CPU.Build.0 = Debug|Any CPU
		{241C98D2-9D4A-4EC6-B94E-687F0012B797}.Release|Any CPU.ActiveCfg = Release|Any CPU
		{241C98D2-9D4A-4EC6-B94E-687F0012B797}.Release|Any CPU.Build.0 = Release|Any CPU
		{9DAE862E-C8AE-452B-B27E-C6DEB1403E81}.Debug|Any CPU.ActiveCfg = Debug|Any CPU
		{9DAE862E-C8AE-452B-B27E-C6DEB1403E81}.Debug|Any CPU.Build.0 = Debug|Any CPU
		{9DAE862E-C8AE-452B-B27E-C6DEB1403E81}.Release|Any CPU.ActiveCfg = Release|Any CPU
		{9DAE862E-C8AE-452B-B27E-C6DEB1403E81}.Release|Any CPU.Build.0 = Release|Any CPU
		{AAEF5063-5D4C-4CA7-8E22-0DAE1ADBBCD1}.Debug|Any CPU.ActiveCfg = Debug|Any CPU
		{AAEF5063-5D4C-4CA7-8E22-0DAE1ADBBCD1}.Debug|Any CPU.Build.0 = Debug|Any CPU
		{AAEF5063-5D4C-4CA7-8E22-0DAE1ADBBCD1}.Release|Any CPU.ActiveCfg = Release|Any CPU
		{AAEF5063-5D4C-4CA7-8E22-0DAE1ADBBCD1}.Release|Any CPU.Build.0 = Release|Any CPU
		{B70584C1-41A3-4DB3-9C49-799DFF57A3FC}.Debug|Any CPU.ActiveCfg = Debug|Any CPU
		{B70584C1-41A3-4DB3-9C49-799DFF57A3FC}.Debug|Any CPU.Build.0 = Debug|Any CPU
		{B70584C1-41A3-4DB3-9C49-799DFF57A3FC}.Release|Any CPU.ActiveCfg = Release|Any CPU
		{B70584C1-41A3-4DB3-9C49-799DFF57A3FC}.Release|Any CPU.Build.0 = Release|Any CPU
		{F2FEA069-3121-4AB3-8835-F4EF6FCBFA18}.Debug|Any CPU.ActiveCfg = Debug|Any CPU
		{F2FEA069-3121-4AB3-8835-F4EF6FCBFA18}.Debug|Any CPU.Build.0 = Debug|Any CPU
		{F2FEA069-3121-4AB3-8835-F4EF6FCBFA18}.Release|Any CPU.ActiveCfg = Release|Any CPU
		{F2FEA069-3121-4AB3-8835-F4EF6FCBFA18}.Release|Any CPU.Build.0 = Release|Any CPU
		{7EAD5482-90CC-4252-AF91-553A4B81D8E0}.Debug|Any CPU.ActiveCfg = Debug|Any CPU
		{7EAD5482-90CC-4252-AF91-553A4B81D8E0}.Debug|Any CPU.Build.0 = Debug|Any CPU
		{7EAD5482-90CC-4252-AF91-553A4B81D8E0}.Release|Any CPU.ActiveCfg = Release|Any CPU
		{7EAD5482-90CC-4252-AF91-553A4B81D8E0}.Release|Any CPU.Build.0 = Release|Any CPU
		{227874FB-6C92-4865-B43F-9FBD6C36BC4B}.Debug|Any CPU.ActiveCfg = Debug|Any CPU
		{227874FB-6C92-4865-B43F-9FBD6C36BC4B}.Debug|Any CPU.Build.0 = Debug|Any CPU
		{227874FB-6C92-4865-B43F-9FBD6C36BC4B}.Release|Any CPU.ActiveCfg = Release|Any CPU
		{227874FB-6C92-4865-B43F-9FBD6C36BC4B}.Release|Any CPU.Build.0 = Release|Any CPU
		{11FDD0E8-D07B-41C9-AF7E-E7F735D91ECF}.Debug|Any CPU.ActiveCfg = Debug|Any CPU
		{11FDD0E8-D07B-41C9-AF7E-E7F735D91ECF}.Debug|Any CPU.Build.0 = Debug|Any CPU
		{11FDD0E8-D07B-41C9-AF7E-E7F735D91ECF}.Release|Any CPU.ActiveCfg = Release|Any CPU
		{11FDD0E8-D07B-41C9-AF7E-E7F735D91ECF}.Release|Any CPU.Build.0 = Release|Any CPU
		{1F1A7554-1E88-4514-8602-EC00899E0C49}.Debug|Any CPU.ActiveCfg = Debug|Any CPU
		{1F1A7554-1E88-4514-8602-EC00899E0C49}.Debug|Any CPU.Build.0 = Debug|Any CPU
		{1F1A7554-1E88-4514-8602-EC00899E0C49}.Release|Any CPU.ActiveCfg = Release|Any CPU
		{1F1A7554-1E88-4514-8602-EC00899E0C49}.Release|Any CPU.Build.0 = Release|Any CPU
		{EA6DDD48-941D-43C6-BAC1-07CF24F4C792}.Debug|Any CPU.ActiveCfg = Debug|Any CPU
		{EA6DDD48-941D-43C6-BAC1-07CF24F4C792}.Debug|Any CPU.Build.0 = Debug|Any CPU
		{EA6DDD48-941D-43C6-BAC1-07CF24F4C792}.Release|Any CPU.ActiveCfg = Release|Any CPU
		{EA6DDD48-941D-43C6-BAC1-07CF24F4C792}.Release|Any CPU.Build.0 = Release|Any CPU
		{0F8F3C1A-F1D3-4476-9E5B-219BBAC8DBC6}.Debug|Any CPU.ActiveCfg = Debug|Any CPU
		{0F8F3C1A-F1D3-4476-9E5B-219BBAC8DBC6}.Debug|Any CPU.Build.0 = Debug|Any CPU
		{0F8F3C1A-F1D3-4476-9E5B-219BBAC8DBC6}.Release|Any CPU.ActiveCfg = Release|Any CPU
		{0F8F3C1A-F1D3-4476-9E5B-219BBAC8DBC6}.Release|Any CPU.Build.0 = Release|Any CPU
		{B71E2FCC-3401-4D27-AA6E-9D1EBAEE013C}.Debug|Any CPU.ActiveCfg = Debug|Any CPU
		{B71E2FCC-3401-4D27-AA6E-9D1EBAEE013C}.Debug|Any CPU.Build.0 = Debug|Any CPU
		{B71E2FCC-3401-4D27-AA6E-9D1EBAEE013C}.Release|Any CPU.ActiveCfg = Release|Any CPU
		{B71E2FCC-3401-4D27-AA6E-9D1EBAEE013C}.Release|Any CPU.Build.0 = Release|Any CPU
	EndGlobalSection
	GlobalSection(SolutionProperties) = preSolution
		HideSolutionNode = FALSE
	EndGlobalSection
	GlobalSection(NestedProjects) = preSolution
		{5D63B3BA-9C25-4F06-91F0-6B0E1091FCD3} = {6EE8F484-DFA2-4F0F-939F-400CE78DFAC2}
		{765AE2F8-7A2A-471A-8BD2-2CB2994743E9} = {8192FEAD-BCE6-4E62-97E5-2E9EA884BD71}
		{5CAF24CB-90EA-42AE-81E0-0E82BF3D4AF8} = {6EE8F484-DFA2-4F0F-939F-400CE78DFAC2}
		{93E75EF0-416D-43C7-BC67-BF386CE7C79D} = {8192FEAD-BCE6-4E62-97E5-2E9EA884BD71}
		{BAA738F1-211C-4111-B159-3D43C857ECB2} = {6EE8F484-DFA2-4F0F-939F-400CE78DFAC2}
		{02049503-05DA-4898-B45C-E314832734A3} = {6EE8F484-DFA2-4F0F-939F-400CE78DFAC2}
		{0119749C-0DF0-4CC0-8FE3-FCDBDF2B8865} = {8192FEAD-BCE6-4E62-97E5-2E9EA884BD71}
		{5D86DF93-2ACA-44D7-9D39-DAD6B129EAFD} = {6EE8F484-DFA2-4F0F-939F-400CE78DFAC2}
		{1464572C-C78C-4E40-87B8-2130684749F3} = {6EE8F484-DFA2-4F0F-939F-400CE78DFAC2}
		{3D4B1B5F-9350-48F7-ABBA-8ED38E8AB2EE} = {8192FEAD-BCE6-4E62-97E5-2E9EA884BD71}
		{241C98D2-9D4A-4EC6-B94E-687F0012B797} = {8192FEAD-BCE6-4E62-97E5-2E9EA884BD71}
		{9DAE862E-C8AE-452B-B27E-C6DEB1403E81} = {6EE8F484-DFA2-4F0F-939F-400CE78DFAC2}
		{AAEF5063-5D4C-4CA7-8E22-0DAE1ADBBCD1} = {8192FEAD-BCE6-4E62-97E5-2E9EA884BD71}
		{B70584C1-41A3-4DB3-9C49-799DFF57A3FC} = {6EE8F484-DFA2-4F0F-939F-400CE78DFAC2}
		{F2FEA069-3121-4AB3-8835-F4EF6FCBFA18} = {8192FEAD-BCE6-4E62-97E5-2E9EA884BD71}
		{7EAD5482-90CC-4252-AF91-553A4B81D8E0} = {6EE8F484-DFA2-4F0F-939F-400CE78DFAC2}
		{227874FB-6C92-4865-B43F-9FBD6C36BC4B} = {6EE8F484-DFA2-4F0F-939F-400CE78DFAC2}
		{11FDD0E8-D07B-41C9-AF7E-E7F735D91ECF} = {8192FEAD-BCE6-4E62-97E5-2E9EA884BD71}
		{1F1A7554-1E88-4514-8602-EC00899E0C49} = {8192FEAD-BCE6-4E62-97E5-2E9EA884BD71}
		{EA6DDD48-941D-43C6-BAC1-07CF24F4C792} = {8192FEAD-BCE6-4E62-97E5-2E9EA884BD71}
		{0F8F3C1A-F1D3-4476-9E5B-219BBAC8DBC6} = {8192FEAD-BCE6-4E62-97E5-2E9EA884BD71}
		{B71E2FCC-3401-4D27-AA6E-9D1EBAEE013C} = {6EE8F484-DFA2-4F0F-939F-400CE78DFAC2}
	EndGlobalSection
	GlobalSection(ExtensibilityGlobals) = postSolution
		SolutionGuid = {D6CD99BA-B16B-4570-8910-225CBDFFA3AD}
	EndGlobalSection
EndGlobal
