
Microsoft Visual Studio Solution File, Format Version 12.00
# Visual Studio 15
VisualStudioVersion = 15.0.28010.2046
MinimumVisualStudioVersion = 10.0.40219.1
Project("{9A19103F-16F7-4668-BE54-9A1E7A4F7556}") = "IrisClustering", "IrisClustering\IrisClustering.csproj", "{C8CF4351-1AEA-4096-B6E2-DC2FD7518D3D}"
EndProject
Global
	GlobalSection(SolutionConfigurationPlatforms) = preSolution
		Debug|Any CPU = Debug|Any CPU
		Release|Any CPU = Release|Any CPU
	EndGlobalSection
	GlobalSection(ProjectConfigurationPlatforms) = postSolution
		{C8CF4351-1AEA-4096-B6E2-DC2FD7518D3D}.Debug|Any CPU.ActiveCfg = Debug|Any CPU
		{C8CF4351-1AEA-4096-B6E2-DC2FD7518D3D}.Debug|Any CPU.Build.0 = Debug|Any CPU
		{C8CF4351-1AEA-4096-B6E2-DC2FD7518D3D}.Release|Any CPU.ActiveCfg = Release|Any CPU
		{C8CF4351-1AEA-4096-B6E2-DC2FD7518D3D}.Release|Any CPU.Build.0 = Release|Any CPU
	EndGlobalSection
	GlobalSection(SolutionProperties) = preSolution
		HideSolutionNode = FALSE
	EndGlobalSection
	GlobalSection(ExtensibilityGlobals) = postSolution
		SolutionGuid = {740BE814-1300-4D85-B982-D0384949FC5D}
	EndGlobalSection
EndGlobal
